{
  "name": "new-ajs",
  "version": "1.0.0",
  "lockfileVersion": 1,
  "requires": true,
  "dependencies": {
    "@tatiana-nikonova/ajs": {
      "version": "1.0.0",
      "resolved": "https://npm.pkg.github.com/download/@tatiana-nikonova/ajs/1.0.0/a266446869229693f70d604500627126b5fe0136eab83834ba7b09aef845a731",
      "integrity": "sha512-qZ3QeWzOpW1NyxSErd3ILwaroNnoMTjnfbZiwkq0clxT+/ecTn14ZrovD5bbHOtDtEA7fZfFI6RQ3IvzcLMV9Q=="
    }
  }
}
